
Microsoft Visual Studio Solution File, Format Version 12.00
# Visual Studio Version 17
VisualStudioVersion = 17.7.34031.279
MinimumVisualStudioVersion = 10.0.40219.1
Project("{FAE04EC0-301F-11D3-BF4B-00C04F79EFBC}") = "EasyCashProjectEntityLayer", "EasyCashProjectEntityLayer\EasyCashProjectEntityLayer.csproj", "{06BEF632-F8D2-4BFE-9E94-FA01C7ABA282}"
EndProject
Project("{FAE04EC0-301F-11D3-BF4B-00C04F79EFBC}") = "EasyCashProjectDataAccessLayer", "EasyCashProjectDataAccessLayer\EasyCashProjectDataAccessLayer.csproj", "{C691A0CB-71A3-4DB3-A7A3-228BDAEBC77A}"
EndProject
Project("{FAE04EC0-301F-11D3-BF4B-00C04F79EFBC}") = "EasyCashProjectBusinessLayer", "EasyCashProjectBusinessLayer\EasyCashProjectBusinessLayer.csproj", "{A6394E8B-E37D-4075-8094-7BC25C09C3BD}"
EndProject
Project("{FAE04EC0-301F-11D3-BF4B-00C04F79EFBC}") = "EasyCashProjectDtoLayer", "EasyCashProjectDtoLayer\EasyCashProjectDtoLayer.csproj", "{BB7340AF-9012-40F9-9F4E-BA7061886400}"
EndProject
Project("{FAE04EC0-301F-11D3-BF4B-00C04F79EFBC}") = "EasyCashProjectPresentationLayer", "EasyCashProjectPresentationLayer\EasyCashProjectPresentationLayer.csproj", "{5BDFE5CC-7D4C-40C3-BC1E-670AC5015B17}"
EndProject
Global
	GlobalSection(SolutionConfigurationPlatforms) = preSolution
		Debug|Any CPU = Debug|Any CPU
		Release|Any CPU = Release|Any CPU
	EndGlobalSection
	GlobalSection(ProjectConfigurationPlatforms) = postSolution
		{06BEF632-F8D2-4BFE-9E94-FA01C7ABA282}.Debug|Any CPU.ActiveCfg = Debug|Any CPU
		{06BEF632-F8D2-4BFE-9E94-FA01C7ABA282}.Debug|Any CPU.Build.0 = Debug|Any CPU
		{06BEF632-F8D2-4BFE-9E94-FA01C7ABA282}.Release|Any CPU.ActiveCfg = Release|Any CPU
		{06BEF632-F8D2-4BFE-9E94-FA01C7ABA282}.Release|Any CPU.Build.0 = Release|Any CPU
		{C691A0CB-71A3-4DB3-A7A3-228BDAEBC77A}.Debug|Any CPU.ActiveCfg = Debug|Any CPU
		{C691A0CB-71A3-4DB3-A7A3-228BDAEBC77A}.Debug|Any CPU.Build.0 = Debug|Any CPU
		{C691A0CB-71A3-4DB3-A7A3-228BDAEBC77A}.Release|Any CPU.ActiveCfg = Release|Any CPU
		{C691A0CB-71A3-4DB3-A7A3-228BDAEBC77A}.Release|Any CPU.Build.0 = Release|Any CPU
		{A6394E8B-E37D-4075-8094-7BC25C09C3BD}.Debug|Any CPU.ActiveCfg = Debug|Any CPU
		{A6394E8B-E37D-4075-8094-7BC25C09C3BD}.Debug|Any CPU.Build.0 = Debug|Any CPU
		{A6394E8B-E37D-4075-8094-7BC25C09C3BD}.Release|Any CPU.ActiveCfg = Release|Any CPU
		{A6394E8B-E37D-4075-8094-7BC25C09C3BD}.Release|Any CPU.Build.0 = Release|Any CPU
		{BB7340AF-9012-40F9-9F4E-BA7061886400}.Debug|Any CPU.ActiveCfg = Debug|Any CPU
		{BB7340AF-9012-40F9-9F4E-BA7061886400}.Debug|Any CPU.Build.0 = Debug|Any CPU
		{BB7340AF-9012-40F9-9F4E-BA7061886400}.Release|Any CPU.ActiveCfg = Release|Any CPU
		{BB7340AF-9012-40F9-9F4E-BA7061886400}.Release|Any CPU.Build.0 = Release|Any CPU
		{5BDFE5CC-7D4C-40C3-BC1E-670AC5015B17}.Debug|Any CPU.ActiveCfg = Debug|Any CPU
		{5BDFE5CC-7D4C-40C3-BC1E-670AC5015B17}.Debug|Any CPU.Build.0 = Debug|Any CPU
		{5BDFE5CC-7D4C-40C3-BC1E-670AC5015B17}.Release|Any CPU.ActiveCfg = Release|Any CPU
		{5BDFE5CC-7D4C-40C3-BC1E-670AC5015B17}.Release|Any CPU.Build.0 = Release|Any CPU
	EndGlobalSection
	GlobalSection(SolutionProperties) = preSolution
		HideSolutionNode = FALSE
	EndGlobalSection
	GlobalSection(ExtensibilityGlobals) = postSolution
		SolutionGuid = {CBEA0F1C-027B-4AE4-A45D-2EE20287D384}
	EndGlobalSection
EndGlobal
